
Microsoft Visual Studio Solution File, Format Version 12.00
# Visual Studio 15
VisualStudioVersion = 15.0.28307.705
MinimumVisualStudioVersion = 10.0.40219.1
Project("{FAE04EC0-301F-11D3-BF4B-00C04F79EFBC}") = "SimpleTCP", "SimpleTCP\SimpleTCP.csproj", "{2398FBE6-F3A6-455A-9032-D787F1367862}"
EndProject
Global
	GlobalSection(SolutionConfigurationPlatforms) = preSolution
		Debug|Any CPU = Debug|Any CPU
		Release|Any CPU = Release|Any CPU
	EndGlobalSection
	GlobalSection(ProjectConfigurationPlatforms) = postSolution
		{2398FBE6-F3A6-455A-9032-D787F1367862}.Debug|Any CPU.ActiveCfg = Debug|Any CPU
		{2398FBE6-F3A6-455A-9032-D787F1367862}.Debug|Any CPU.Build.0 = Debug|Any CPU
		{2398FBE6-F3A6-455A-9032-D787F1367862}.Release|Any CPU.ActiveCfg = Release|Any CPU
		{2398FBE6-F3A6-455A-9032-D787F1367862}.Release|Any CPU.Build.0 = Release|Any CPU
	EndGlobalSection
	GlobalSection(SolutionProperties) = preSolution
		HideSolutionNode = FALSE
	EndGlobalSection
	GlobalSection(ExtensibilityGlobals) = postSolution
		SolutionGuid = {D9172A0C-BE02-4149-8D59-4D580C450E9D}
	EndGlobalSection
EndGlobal
